
Microsoft Visual Studio Solution File, Format Version 12.00
# Visual Studio 15
VisualStudioVersion = 15.0.28307.329
MinimumVisualStudioVersion = 10.0.40219.1
Project("{FAE04EC0-301F-11D3-BF4B-00C04F79EFBC}") = "EmailValidation", "EmailValidation\EmailValidation.csproj", "{F15638B4-15B6-47A9-BF1E-412D9E287334}"
EndProject
Project("{FAE04EC0-301F-11D3-BF4B-00C04F79EFBC}") = "EmailValidation.Tests", "EmailValidation.Tests\EmailValidation.Tests.csproj", "{35A50A51-426D-4A86-B85A-7191DC7646D6}"
EndProject
Global
	GlobalSection(SolutionConfigurationPlatforms) = preSolution
		Debug|Any CPU = Debug|Any CPU
		Release|Any CPU = Release|Any CPU
	EndGlobalSection
	GlobalSection(ProjectConfigurationPlatforms) = postSolution
		{F15638B4-15B6-47A9-BF1E-412D9E287334}.Debug|Any CPU.ActiveCfg = Debug|Any CPU
		{F15638B4-15B6-47A9-BF1E-412D9E287334}.Debug|Any CPU.Build.0 = Debug|Any CPU
		{F15638B4-15B6-47A9-BF1E-412D9E287334}.Release|Any CPU.ActiveCfg = Release|Any CPU
		{F15638B4-15B6-47A9-BF1E-412D9E287334}.Release|Any CPU.Build.0 = Release|Any CPU
		{35A50A51-426D-4A86-B85A-7191DC7646D6}.Debug|Any CPU.ActiveCfg = Debug|Any CPU
		{35A50A51-426D-4A86-B85A-7191DC7646D6}.Debug|Any CPU.Build.0 = Debug|Any CPU
		{35A50A51-426D-4A86-B85A-7191DC7646D6}.Release|Any CPU.ActiveCfg = Release|Any CPU
		{35A50A51-426D-4A86-B85A-7191DC7646D6}.Release|Any CPU.Build.0 = Release|Any CPU
	EndGlobalSection
	GlobalSection(SolutionProperties) = preSolution
		HideSolutionNode = FALSE
	EndGlobalSection
	GlobalSection(ExtensibilityGlobals) = postSolution
		SolutionGuid = {DCA825FC-EA03-4DDA-A69E-7359B9955730}
	EndGlobalSection
EndGlobal
